{
  "version": "3",
  "packages": {
    "specifiers": {
      "npm:@catppuccin/palette": "npm:@catppuccin/palette@0.2.0",
      "npm:chalk": "npm:chalk@5.3.0",
      "npm:clipboardy": "npm:clipboardy@4.0.0",
      "npm:color-contrast-checker": "npm:color-contrast-checker@2.1.0"
    },
    "npm": {
      "@catppuccin/palette@0.2.0": {
        "integrity": "sha512-PoAMQMEbL8fBEO80eusB+XQg+1i2kxQHw6COwBRC4bVWxWuRroZjm3K6bOdqPHNHKikDIV7wLi9hSG4NoD1FEQ==",
        "dependencies": {}
      },
      "chalk@5.3.0": {
        "integrity": "sha512-dLitG79d+GV1Nb/VYcCDFivJeK1hiukt9QjRNVOsUtTy1rR1YJsmpGGTZ3qJos+uw7WmWF4wUwBd9jxjocFC2w==",
        "dependencies": {}
      },
      "clipboardy@4.0.0": {
        "integrity": "sha512-5mOlNS0mhX0707P2I0aZ2V/cmHUEO/fL7VFLqszkhUsxt7RwnmrInf/eEQKlf5GzvYeHIjT+Ov1HRfNmymlG0w==",
        "dependencies": {
          "execa": "execa@8.0.1",
          "is-wsl": "is-wsl@3.1.0",
          "is64bit": "is64bit@2.0.0"
        }
      },
      "color-contrast-checker@2.1.0": {
        "integrity": "sha512-6Y0aIEej3pwZTVlicIqVzhO6T4izDWouaIXnYoDdTuFFAMQ9nnN0dgHNP9J94jRnH6asjPq1/wzUKxwoNbWtRQ==",
        "dependencies": {}
      },
      "cross-spawn@7.0.3": {
        "integrity": "sha512-iRDPJKUPVEND7dHPO8rkbOnPpyDygcDFtWjpeWNCgy8WP2rXcxXL8TskReQl6OrB2G7+UJrags1q15Fudc7G6w==",
        "dependencies": {
          "path-key": "path-key@3.1.1",
          "shebang-command": "shebang-command@2.0.0",
          "which": "which@2.0.2"
        }
      },
      "execa@8.0.1": {
        "integrity": "sha512-VyhnebXciFV2DESc+p6B+y0LjSm0krU4OgJN44qFAhBY0TJ+1V61tYD2+wHusZ6F9n5K+vl8k0sTy7PEfV4qpg==",
        "dependencies": {
          "cross-spawn": "cross-spawn@7.0.3",
          "get-stream": "get-stream@8.0.1",
          "human-signals": "human-signals@5.0.0",
          "is-stream": "is-stream@3.0.0",
          "merge-stream": "merge-stream@2.0.0",
          "npm-run-path": "npm-run-path@5.1.0",
          "onetime": "onetime@6.0.0",
          "signal-exit": "signal-exit@4.1.0",
          "strip-final-newline": "strip-final-newline@3.0.0"
        }
      },
      "get-stream@8.0.1": {
        "integrity": "sha512-VaUJspBffn/LMCJVoMvSAdmscJyS1auj5Zulnn5UoYcY531UWmdwhRWkcGKnGU93m5HSXP9LP2usOryrBtQowA==",
        "dependencies": {}
      },
      "human-signals@5.0.0": {
        "integrity": "sha512-AXcZb6vzzrFAUE61HnN4mpLqd/cSIwNQjtNWR0euPm6y0iqx3G4gOXaIDdtdDwZmhwe82LA6+zinmW4UBWVePQ==",
        "dependencies": {}
      },
      "is-docker@3.0.0": {
        "integrity": "sha512-eljcgEDlEns/7AXFosB5K/2nCM4P7FQPkGc/DWLy5rmFEWvZayGrik1d9/QIY5nJ4f9YsVvBkA6kJpHn9rISdQ==",
        "dependencies": {}
      },
      "is-inside-container@1.0.0": {
        "integrity": "sha512-KIYLCCJghfHZxqjYBE7rEy0OBuTd5xCHS7tHVgvCLkx7StIoaxwNW3hCALgEUjFfeRk+MG/Qxmp/vtETEF3tRA==",
        "dependencies": {
          "is-docker": "is-docker@3.0.0"
        }
      },
      "is-stream@3.0.0": {
        "integrity": "sha512-LnQR4bZ9IADDRSkvpqMGvt/tEJWclzklNgSw48V5EAaAeDd6qGvN8ei6k5p0tvxSR171VmGyHuTiAOfxAbr8kA==",
        "dependencies": {}
      },
      "is-wsl@3.1.0": {
        "integrity": "sha512-UcVfVfaK4Sc4m7X3dUSoHoozQGBEFeDC+zVo06t98xe8CzHSZZBekNXH+tu0NalHolcJ/QAGqS46Hef7QXBIMw==",
        "dependencies": {
          "is-inside-container": "is-inside-container@1.0.0"
        }
      },
      "is64bit@2.0.0": {
        "integrity": "sha512-jv+8jaWCl0g2lSBkNSVXdzfBA0npK1HGC2KtWM9FumFRoGS94g3NbCCLVnCYHLjp4GrW2KZeeSTMo5ddtznmGw==",
        "dependencies": {
          "system-architecture": "system-architecture@0.1.0"
        }
      },
      "isexe@2.0.0": {
        "integrity": "sha512-RHxMLp9lnKHGHRng9QFhRCMbYAcVpn69smSGcq3f36xjgVVWThj4qqLbTLlq7Ssj8B+fIQ1EuCEGI2lKsyQeIw==",
        "dependencies": {}
      },
      "merge-stream@2.0.0": {
        "integrity": "sha512-abv/qOcuPfk3URPfDzmZU1LKmuw8kT+0nIHvKrKgFrwifol/doWcdA4ZqsWQ8ENrFKkd67Mfpo/LovbIUsbt3w==",
        "dependencies": {}
      },
      "mimic-fn@4.0.0": {
        "integrity": "sha512-vqiC06CuhBTUdZH+RYl8sFrL096vA45Ok5ISO6sE/Mr1jRbGH4Csnhi8f3wKVl7x8mO4Au7Ir9D3Oyv1VYMFJw==",
        "dependencies": {}
      },
      "npm-run-path@5.1.0": {
        "integrity": "sha512-sJOdmRGrY2sjNTRMbSvluQqg+8X7ZK61yvzBEIDhz4f8z1TZFYABsqjjCBd/0PUNE9M6QDgHJXQkGUEm7Q+l9Q==",
        "dependencies": {
          "path-key": "path-key@4.0.0"
        }
      },
      "onetime@6.0.0": {
        "integrity": "sha512-1FlR+gjXK7X+AsAHso35MnyN5KqGwJRi/31ft6x0M194ht7S+rWAvd7PHss9xSKMzE0asv1pyIHaJYq+BbacAQ==",
        "dependencies": {
          "mimic-fn": "mimic-fn@4.0.0"
        }
      },
      "path-key@3.1.1": {
        "integrity": "sha512-ojmeN0qd+y0jszEtoY48r0Peq5dwMEkIlCOu6Q5f41lfkswXuKtYrhgoTpLnyIcHm24Uhqx+5Tqm2InSwLhE6Q==",
        "dependencies": {}
      },
      "path-key@4.0.0": {
        "integrity": "sha512-haREypq7xkM7ErfgIyA0z+Bj4AGKlMSdlQE2jvJo6huWD1EdkKYV+G/T4nq0YEF2vgTT8kqMFKo1uHn950r4SQ==",
        "dependencies": {}
      },
      "shebang-command@2.0.0": {
        "integrity": "sha512-kHxr2zZpYtdmrN1qDjrrX/Z1rR1kG8Dx+gkpK1G4eXmvXswmcE1hTWBWYUzlraYw1/yZp6YuDY77YtvbN0dmDA==",
        "dependencies": {
          "shebang-regex": "shebang-regex@3.0.0"
        }
      },
      "shebang-regex@3.0.0": {
        "integrity": "sha512-7++dFhtcx3353uBaq8DDR4NuxBetBzC7ZQOhmTQInHEd6bSrXdiEyzCvG07Z44UYdLShWUyXt5M/yhz8ekcb1A==",
        "dependencies": {}
      },
      "signal-exit@4.1.0": {
        "integrity": "sha512-bzyZ1e88w9O1iNJbKnOlvYTrWPDl46O1bG0D3XInv+9tkPrxrN8jUUTiFlDkkmKWgn1M6CfIA13SuGqOa9Korw==",
        "dependencies": {}
      },
      "strip-final-newline@3.0.0": {
        "integrity": "sha512-dOESqjYr96iWYylGObzd39EuNTa5VJxyvVAEm5Jnh7KGo75V43Hk1odPQkNDyXNmUR6k+gEiDVXnjB8HJ3crXw==",
        "dependencies": {}
      },
      "system-architecture@0.1.0": {
        "integrity": "sha512-ulAk51I9UVUyJgxlv9M6lFot2WP3e7t8Kz9+IS6D4rVba1tR9kON+Ey69f+1R4Q8cd45Lod6a4IcJIxnzGc/zA==",
        "dependencies": {}
      },
      "which@2.0.2": {
        "integrity": "sha512-BLI3Tl1TW3Pvl70l3yq3Y64i+awpwXqsGBYWkkqMtnbXgrMD+yj7rhW0kuEDxzJaYXGjEW5ogapKNMEKNMjibA==",
        "dependencies": {
          "isexe": "isexe@2.0.0"
        }
      }
    }
  },
  "remote": {
    "https://deno.land/std@0.140.0/_util/assert.ts": "e94f2eb37cebd7f199952e242c77654e43333c1ac4c5c700e929ea3aa5489f74",
    "https://deno.land/std@0.140.0/_util/os.ts": "3b4c6e27febd119d36a416d7a97bd3b0251b77c88942c8f16ee5953ea13e2e49",
    "https://deno.land/std@0.140.0/bytes/bytes_list.ts": "67eb118e0b7891d2f389dad4add35856f4ad5faab46318ff99653456c23b025d",
    "https://deno.land/std@0.140.0/bytes/equals.ts": "fc16dff2090cced02497f16483de123dfa91e591029f985029193dfaa9d894c9",
    "https://deno.land/std@0.140.0/bytes/mod.ts": "763f97d33051cc3f28af1a688dfe2830841192a9fea0cbaa55f927b49d49d0bf",
    "https://deno.land/std@0.140.0/fmt/colors.ts": "30455035d6d728394781c10755351742dd731e3db6771b1843f9b9e490104d37",
    "https://deno.land/std@0.140.0/fs/_util.ts": "0fb24eb4bfebc2c194fb1afdb42b9c3dda12e368f43e8f2321f84fc77d42cb0f",
    "https://deno.land/std@0.140.0/fs/ensure_dir.ts": "9dc109c27df4098b9fc12d949612ae5c9c7169507660dcf9ad90631833209d9d",
    "https://deno.land/std@0.140.0/io/buffer.ts": "bd0c4bf53db4b4be916ca5963e454bddfd3fcd45039041ea161dbf826817822b",
    "https://deno.land/std@0.140.0/path/_constants.ts": "df1db3ffa6dd6d1252cc9617e5d72165cd2483df90e93833e13580687b6083c3",
    "https://deno.land/std@0.140.0/path/_interface.ts": "ee3b431a336b80cf445441109d089b70d87d5e248f4f90ff906820889ecf8d09",
    "https://deno.land/std@0.140.0/path/_util.ts": "c1e9686d0164e29f7d880b2158971d805b6e0efc3110d0b3e24e4b8af2190d2b",
    "https://deno.land/std@0.140.0/path/common.ts": "bee563630abd2d97f99d83c96c2fa0cca7cee103e8cb4e7699ec4d5db7bd2633",
    "https://deno.land/std@0.140.0/path/glob.ts": "cb5255638de1048973c3e69e420c77dc04f75755524cb3b2e160fe9277d939ee",
    "https://deno.land/std@0.140.0/path/mod.ts": "d3e68d0abb393fb0bf94a6d07c46ec31dc755b544b13144dee931d8d5f06a52d",
    "https://deno.land/std@0.140.0/path/posix.ts": "293cdaec3ecccec0a9cc2b534302dfe308adb6f10861fa183275d6695faace44",
    "https://deno.land/std@0.140.0/path/separator.ts": "fe1816cb765a8068afb3e8f13ad272351c85cbc739af56dacfc7d93d710fe0f9",
    "https://deno.land/std@0.140.0/path/win32.ts": "31811536855e19ba37a999cd8d1b62078235548d67902ece4aa6b814596dd757",
    "https://deno.land/std@0.140.0/streams/conversion.ts": "712585bfa0172a97fb68dd46e784ae8ad59d11b88079d6a4ab098ff42e697d21",
    "https://deno.land/std@0.181.0/_util/asserts.ts": "178dfc49a464aee693a7e285567b3d0b555dc805ff490505a8aae34f9cfb1462",
    "https://deno.land/std@0.181.0/_util/os.ts": "d932f56d41e4f6a6093d56044e29ce637f8dcc43c5a90af43504a889cf1775e3",
    "https://deno.land/std@0.181.0/fs/_util.ts": "65381f341af1ff7f40198cee15c20f59951ac26e51ddc651c5293e24f9ce6f32",
    "https://deno.land/std@0.181.0/fs/ensure_dir.ts": "dc64c4c75c64721d4e3fb681f1382f803ff3d2868f08563ff923fdd20d071c40",
    "https://deno.land/std@0.181.0/fs/expand_glob.ts": "e4f56259a0a70fe23f05215b00de3ac5e6ba46646ab2a06ebbe9b010f81c972a",
    "https://deno.land/std@0.181.0/fs/walk.ts": "ea95ffa6500c1eda6b365be488c056edc7c883a1db41ef46ec3bf057b1c0fe32",
    "https://deno.land/std@0.181.0/path/_constants.ts": "e49961f6f4f48039c0dfed3c3f93e963ca3d92791c9d478ac5b43183413136e0",
    "https://deno.land/std@0.181.0/path/_interface.ts": "6471159dfbbc357e03882c2266d21ef9afdb1e4aa771b0545e90db58a0ba314b",
    "https://deno.land/std@0.181.0/path/_util.ts": "d7abb1e0dea065f427b89156e28cdeb32b045870acdf865833ba808a73b576d0",
    "https://deno.land/std@0.181.0/path/common.ts": "ee7505ab01fd22de3963b64e46cff31f40de34f9f8de1fff6a1bd2fe79380000",
    "https://deno.land/std@0.181.0/path/glob.ts": "d479e0a695621c94d3fd7fe7abd4f9499caf32a8de13f25073451c6ef420a4e1",
    "https://deno.land/std@0.181.0/path/mod.ts": "bf718f19a4fdd545aee1b06409ca0805bd1b68ecf876605ce632e932fe54510c",
    "https://deno.land/std@0.181.0/path/posix.ts": "8b7c67ac338714b30c816079303d0285dd24af6b284f7ad63da5b27372a2c94d",
    "https://deno.land/std@0.181.0/path/separator.ts": "0fb679739d0d1d7bf45b68dacfb4ec7563597a902edbaf3c59b50d5bcadd93b1",
    "https://deno.land/std@0.181.0/path/win32.ts": "d186344e5583bcbf8b18af416d13d82b35a317116e6460a5a3953508c3de5bba",
    "https://deno.land/std@0.182.0/_util/asserts.ts": "178dfc49a464aee693a7e285567b3d0b555dc805ff490505a8aae34f9cfb1462",
    "https://deno.land/std@0.182.0/_util/os.ts": "d932f56d41e4f6a6093d56044e29ce637f8dcc43c5a90af43504a889cf1775e3",
    "https://deno.land/std@0.182.0/fmt/colors.ts": "d67e3cd9f472535241a8e410d33423980bec45047e343577554d3356e1f0ef4e",
    "https://deno.land/std@0.182.0/fs/_util.ts": "65381f341af1ff7f40198cee15c20f59951ac26e51ddc651c5293e24f9ce6f32",
    "https://deno.land/std@0.182.0/fs/empty_dir.ts": "c3d2da4c7352fab1cf144a1ecfef58090769e8af633678e0f3fabaef98594688",
    "https://deno.land/std@0.182.0/fs/expand_glob.ts": "e4f56259a0a70fe23f05215b00de3ac5e6ba46646ab2a06ebbe9b010f81c972a",
    "https://deno.land/std@0.182.0/fs/walk.ts": "920be35a7376db6c0b5b1caf1486fb962925e38c9825f90367f8f26b5e5d0897",
    "https://deno.land/std@0.182.0/path/_constants.ts": "e49961f6f4f48039c0dfed3c3f93e963ca3d92791c9d478ac5b43183413136e0",
    "https://deno.land/std@0.182.0/path/_interface.ts": "6471159dfbbc357e03882c2266d21ef9afdb1e4aa771b0545e90db58a0ba314b",
    "https://deno.land/std@0.182.0/path/_util.ts": "d7abb1e0dea065f427b89156e28cdeb32b045870acdf865833ba808a73b576d0",
    "https://deno.land/std@0.182.0/path/common.ts": "ee7505ab01fd22de3963b64e46cff31f40de34f9f8de1fff6a1bd2fe79380000",
    "https://deno.land/std@0.182.0/path/glob.ts": "d479e0a695621c94d3fd7fe7abd4f9499caf32a8de13f25073451c6ef420a4e1",
    "https://deno.land/std@0.182.0/path/mod.ts": "bf718f19a4fdd545aee1b06409ca0805bd1b68ecf876605ce632e932fe54510c",
    "https://deno.land/std@0.182.0/path/posix.ts": "8b7c67ac338714b30c816079303d0285dd24af6b284f7ad63da5b27372a2c94d",
    "https://deno.land/std@0.182.0/path/separator.ts": "0fb679739d0d1d7bf45b68dacfb4ec7563597a902edbaf3c59b50d5bcadd93b1",
    "https://deno.land/std@0.182.0/path/win32.ts": "d186344e5583bcbf8b18af416d13d82b35a317116e6460a5a3953508c3de5bba",
    "https://deno.land/std@0.196.0/assert/assert.ts": "9a97dad6d98c238938e7540736b826440ad8c1c1e54430ca4c4e623e585607ee",
    "https://deno.land/std@0.196.0/assert/assertion_error.ts": "4d0bde9b374dfbcbe8ac23f54f567b77024fb67dbb1906a852d67fe050d42f56",
    "https://deno.land/std@0.196.0/console/_data.json": "cf2cc9d039a192b3adbfe64627167c7e6212704c888c25c769fc8f1709e1e1b8",
    "https://deno.land/std@0.196.0/console/_rle.ts": "56668d5c44f964f1b4ff93f21c9896df42d6ee4394e814db52d6d13f5bb247c7",
    "https://deno.land/std@0.196.0/console/unicode_width.ts": "10661c0f2eeab802d16b8b85ed8825bbc573991bbfb6affed32dc1ff994f54f9",
    "https://deno.land/std@0.196.0/encoding/base64.ts": "144ae6234c1fbe5b68666c711dc15b1e9ee2aef6d42b3b4345bf9a6c91d70d0d",
    "https://deno.land/std@0.196.0/fmt/colors.ts": "a7eecffdf3d1d54db890723b303847b6e0a1ab4b528ba6958b8f2e754cf1b3bc",
    "https://deno.land/x/cliffy@v1.0.0-rc.3/_utils/distance.ts": "02af166952c7c358ac83beae397aa2fbca4ad630aecfcd38d92edb1ea429f004",
    "https://deno.land/x/cliffy@v1.0.0-rc.3/ansi/ansi.ts": "481e382126922ff686dd664f4bae6bc44df44bc5ed883c0f5f8a8b3776e5a983",
    "https://deno.land/x/cliffy@v1.0.0-rc.3/ansi/ansi_escapes.ts": "193b3c3a4e520274bd8322ca4cab1c3ce38070bed1898cb2ade12a585dddd7c9",
    "https://deno.land/x/cliffy@v1.0.0-rc.3/ansi/chain.ts": "eca61b1b64cad7b9799490c12c7aa5538d0f63ac65a73ddb6acac8b35f0a5323",
    "https://deno.land/x/cliffy@v1.0.0-rc.3/ansi/colors.ts": "328916ea1627c202b39f2ed0f1ca65a573cfb75fa8986aa3dbcc0b7463911005",
    "https://deno.land/x/cliffy@v1.0.0-rc.3/ansi/cursor_position.ts": "caa008d29f7a904908bda514f9839bfbb7a93f2d5f5580501675b646d26a87ff",
    "https://deno.land/x/cliffy@v1.0.0-rc.3/ansi/deps.ts": "f48ae5d066684793f4a203524db2a9fd61f514527934b458006f3e57363c0215",
    "https://deno.land/x/cliffy@v1.0.0-rc.3/ansi/mod.ts": "8713c4babbb279615d325e386c318674650fe61855388e2f8a5b4809fdaf4d00",
    "https://deno.land/x/cliffy@v1.0.0-rc.3/ansi/tty.ts": "155aacdcb7dc00f3f95352616a2415c622ffb88db51c5934e5d2e8341eab010b",
    "https://deno.land/x/cliffy@v1.0.0-rc.3/command/_argument_types.ts": "ab269dacea2030f865a07c2a1e953ec437a64419a05bad1f1ddaab3f99752ead",
    "https://deno.land/x/cliffy@v1.0.0-rc.3/command/_errors.ts": "12d513ff401020287a344e0830e1297ce1c80c077ecb91e0ac5db44d04a6019c",
    "https://deno.land/x/cliffy@v1.0.0-rc.3/command/_spread.ts": "0cc6eb70a6df97b5d7d26008822d39f3e8a1232ee0a27f395aa19e68de738245",
    "https://deno.land/x/cliffy@v1.0.0-rc.3/command/_type_utils.ts": "820004a59bc858e355b11f80e5b3ff1be2c87e66f31f53f253610170795602f0",
    "https://deno.land/x/cliffy@v1.0.0-rc.3/command/_utils.ts": "3c88ff4f36eba298beb07de08068fdce5e5cb7b9d82c8a319f09596d8279be64",
    "https://deno.land/x/cliffy@v1.0.0-rc.3/command/command.ts": "ae690745759524082776b7f271f66d5b93933170b1b132f888bd4ac12e9fdd7d",
    "https://deno.land/x/cliffy@v1.0.0-rc.3/command/completions/_bash_completions_generator.ts": "0c6cb1df4d378d22f001155781d97a9c3519fd10c48187a198fef2cc63b0f84a",
    "https://deno.land/x/cliffy@v1.0.0-rc.3/command/completions/_fish_completions_generator.ts": "8ba4455f7f76a756e05c3db4ce35332b2951af65a2891f2750b530e06880f495",
    "https://deno.land/x/cliffy@v1.0.0-rc.3/command/completions/_zsh_completions_generator.ts": "c74525feaf570fe8c14433c30d192622c25603f1fc64694ef69f2a218b41f230",
    "https://deno.land/x/cliffy@v1.0.0-rc.3/command/completions/bash.ts": "53fe78994eb2359110dc4fa79235bdd86800a38c1d6b1c4fe673c81756f3a0e2",
    "https://deno.land/x/cliffy@v1.0.0-rc.3/command/completions/complete.ts": "58df61caa5e6220ff2768636a69337923ad9d4b8c1932aeb27165081c4d07d8b",
    "https://deno.land/x/cliffy@v1.0.0-rc.3/command/completions/completions_command.ts": "506f97f1c6b0b1c3e9956e5069070028b818942310600d4157f64c9b644d3c49",
    "https://deno.land/x/cliffy@v1.0.0-rc.3/command/completions/fish.ts": "6f0b44b4067740b2931c9ec8863b6619b1d3410fea0c5a3988525a4c53059197",
    "https://deno.land/x/cliffy@v1.0.0-rc.3/command/completions/mod.ts": "8dda715ca25f3f66d5ec232b76d7c9a96dd4c64b5029feff91738cc0c9586fb1",
    "https://deno.land/x/cliffy@v1.0.0-rc.3/command/completions/zsh.ts": "f1263c3946975e090d4aadc8681db811d86b52a8ae680f246e03248025885c21",
    "https://deno.land/x/cliffy@v1.0.0-rc.3/command/deprecated.ts": "bbe6670f1d645b773d04b725b8b8e7814c862c9f1afba460c4d599ffe9d4983c",
    "https://deno.land/x/cliffy@v1.0.0-rc.3/command/deps.ts": "7473ebd5625bf901becd7ff80afdde3b8a50ae5d1bbfa2f43805cfacf4559d5a",
    "https://deno.land/x/cliffy@v1.0.0-rc.3/command/help/_help_generator.ts": "532dd4a928baab8b45ce46bb6d20e2ebacfdf3da141ce9d12da796652b1de478",
    "https://deno.land/x/cliffy@v1.0.0-rc.3/command/help/help_command.ts": "fbbf0c0827dd21d3cec7bcc68c00c20b55f53e2b621032891b9d23ac4191231c",
    "https://deno.land/x/cliffy@v1.0.0-rc.3/command/help/mod.ts": "8369b292761dcc9ddaf41f2d34bfb06fb6800b69efe80da4fc9752c3b890275b",
    "https://deno.land/x/cliffy@v1.0.0-rc.3/command/mod.ts": "4b708df1b97152522bee0e3828f06abbbc1d2250168910e5cf454950d7b7404b",
    "https://deno.land/x/cliffy@v1.0.0-rc.3/command/type.ts": "f588f5d9635b79100044e62aced4b00e510e75b83801f9b089c40c2d98674de2",
    "https://deno.land/x/cliffy@v1.0.0-rc.3/command/types.ts": "bc9ff7459b9cc1079eeb95ff101690a51b4b4afa4af5623340076ee361d08dbb",
    "https://deno.land/x/cliffy@v1.0.0-rc.3/command/types/action_list.ts": "33c98d449617c7a563a535c9ceb3741bde9f6363353fd492f90a74570c611c27",
    "https://deno.land/x/cliffy@v1.0.0-rc.3/command/types/boolean.ts": "3879ec16092b4b5b1a0acb8675f8c9250c0b8a972e1e4c7adfba8335bd2263ed",
    "https://deno.land/x/cliffy@v1.0.0-rc.3/command/types/child_command.ts": "f1fca390c7fbfa7a713ca15ef55c2c7656bcbb394d50e8ef54085bdf6dc22559",
    "https://deno.land/x/cliffy@v1.0.0-rc.3/command/types/command.ts": "325d0382e383b725fd8d0ef34ebaeae082c5b76a1f6f2e843fee5dbb1a4fe3ac",
    "https://deno.land/x/cliffy@v1.0.0-rc.3/command/types/enum.ts": "8a7cd2898e03089234083bb78c8b1d9b7172254c53c32d4710321638165a48ec",
    "https://deno.land/x/cliffy@v1.0.0-rc.3/command/types/file.ts": "8618f16ac9015c8589cbd946b3de1988cc4899b90ea251f3325c93c46745140e",
    "https://deno.land/x/cliffy@v1.0.0-rc.3/command/types/integer.ts": "29864725fd48738579d18123d7ee78fed37515e6dc62146c7544c98a82f1778d",
    "https://deno.land/x/cliffy@v1.0.0-rc.3/command/types/number.ts": "aeba96e6f470309317a16b308c82e0e4138a830ec79c9877e4622c682012bc1f",
    "https://deno.land/x/cliffy@v1.0.0-rc.3/command/types/string.ts": "e4dadb08a11795474871c7967beab954593813bb53d9f69ea5f9b734e43dc0e0",
    "https://deno.land/x/cliffy@v1.0.0-rc.3/command/upgrade/_check_version.ts": "6cfa7dc26bc0dc46381500e8d4b130fb224f4c5456152dada15bd3793edca89b",
    "https://deno.land/x/cliffy@v1.0.0-rc.3/command/upgrade/mod.ts": "4eff69c489467be17dea27fb95a795396111ee385d170ac0cbcc82f0ea38156c",
    "https://deno.land/x/cliffy@v1.0.0-rc.3/command/upgrade/provider.ts": "c23253334097dc4b8a147ccdeb3aa44f5a95aa953a6386cb5396f830d95d77a5",
    "https://deno.land/x/cliffy@v1.0.0-rc.3/command/upgrade/provider/deno_land.ts": "24f8d82e38c51e09be989f30f8ad21f9dd41ac1bb1973b443a13883e8ba06d6d",
    "https://deno.land/x/cliffy@v1.0.0-rc.3/command/upgrade/provider/github.ts": "99e1b133dd446c6aa79f69e69c46eb8bc1c968dd331c2a7d4064514a317c7b59",
    "https://deno.land/x/cliffy@v1.0.0-rc.3/command/upgrade/provider/nest_land.ts": "0e07936cea04fa41ac9297f32d87f39152ea873970c54cb5b4934b12fee1885e",
    "https://deno.land/x/cliffy@v1.0.0-rc.3/command/upgrade/upgrade_command.ts": "3640a287d914190241ea1e636774b1b4b0e1828fa75119971dd5304784061e05",
    "https://deno.land/x/cliffy@v1.0.0-rc.3/flags/_errors.ts": "f1fbb6bfa009e7950508c9d491cfb4a5551027d9f453389606adb3f2327d048f",
    "https://deno.land/x/cliffy@v1.0.0-rc.3/flags/_utils.ts": "340d3ecab43cde9489187e1f176504d2c58485df6652d1cdd907c0e9c3ce4cc2",
    "https://deno.land/x/cliffy@v1.0.0-rc.3/flags/_validate_flags.ts": "e60b9038c0136ab7e6bd1baf0e993a07bf23f18afbfb6e12c59adf665a622957",
    "https://deno.land/x/cliffy@v1.0.0-rc.3/flags/deprecated.ts": "a72a35de3cc7314e5ebea605ca23d08385b218ef171c32a3f135fb4318b08126",
    "https://deno.land/x/cliffy@v1.0.0-rc.3/flags/flags.ts": "3e62c4a9756b5705aada29e7e94847001356b3a83cd18ad56f4207387a71cf51",
    "https://deno.land/x/cliffy@v1.0.0-rc.3/flags/types.ts": "9e2f75edff2217d972fc711a21676a59dfd88378da2f1ace440ea84c07db1dcc",
    "https://deno.land/x/cliffy@v1.0.0-rc.3/flags/types/boolean.ts": "4c026dd66ec9c5436860dc6d0241427bdb8d8e07337ad71b33c08193428a2236",
    "https://deno.land/x/cliffy@v1.0.0-rc.3/flags/types/integer.ts": "b60d4d590f309ddddf066782d43e4dc3799f0e7d08e5ede7dc62a5ee94b9a6d9",
    "https://deno.land/x/cliffy@v1.0.0-rc.3/flags/types/number.ts": "610936e2d29de7c8c304b65489a75ebae17b005c6122c24e791fbed12444d51e",
    "https://deno.land/x/cliffy@v1.0.0-rc.3/flags/types/string.ts": "e89b6a5ce322f65a894edecdc48b44956ec246a1d881f03e97bbda90dd8638c5",
    "https://deno.land/x/cliffy@v1.0.0-rc.3/table/_layout.ts": "e4a518da28333de95ad791208b9930025987c8b93d5f8b7f30b377b3e26b24e1",
    "https://deno.land/x/cliffy@v1.0.0-rc.3/table/_utils.ts": "fd48d1a524a42e72aa3ad2eec858a92f5a00728d306c7e8436fba6c34314fee6",
    "https://deno.land/x/cliffy@v1.0.0-rc.3/table/border.ts": "5c6e9ef5078c6930169aacb668b274bdbb498461c724a7693ac9270fe9d3f5d5",
    "https://deno.land/x/cliffy@v1.0.0-rc.3/table/cell.ts": "1ffabd43b6b7fddfac9625cb0d015532e144702a9bfed03b358b79375115d06b",
    "https://deno.land/x/cliffy@v1.0.0-rc.3/table/column.ts": "cf14009f2cb14bad156f879946186c1893acdc6a2fee6845db152edddb6a2714",
    "https://deno.land/x/cliffy@v1.0.0-rc.3/table/consume_words.ts": "456e75755fdf6966abdefb8b783df2855e2a8bad6ddbdf21bd748547c5fc1d4b",
    "https://deno.land/x/cliffy@v1.0.0-rc.3/table/deps.ts": "1226c4d39d53edc81d7c3e661fb8a79f2e704937c276c60355cd4947a0fe9153",
    "https://deno.land/x/cliffy@v1.0.0-rc.3/table/mod.ts": "40f148428acbfffa270f7077c403b3893797d9e454a74ccb41a8434367351326",
    "https://deno.land/x/cliffy@v1.0.0-rc.3/table/row.ts": "79eb1468aafdd951e5963898cdafe0752d4ab4c519d5f847f3d8ecb8fe857d4f",
    "https://deno.land/x/cliffy@v1.0.0-rc.3/table/table.ts": "298671e72e61f1ab18b42ae36643181993f79e29b39dc411fdc6ffd53aa04684",
    "https://deno.land/x/code_block_writer@12.0.0/mod.ts": "2c3448060e47c9d08604c8f40dee34343f553f33edcdfebbf648442be33205e5",
    "https://deno.land/x/code_block_writer@12.0.0/utils/string_utils.ts": "60cb4ec8bd335bf241ef785ccec51e809d576ff8e8d29da43d2273b69ce2a6ff",
    "https://deno.land/x/deno_cache@0.5.2/auth_tokens.ts": "5d1d56474c54a9d152e44d43ea17c2e6a398dd1e9682c69811a313567c01ee1e",
    "https://deno.land/x/deno_cache@0.5.2/cache.ts": "92ce8511e1e5c00fdf53a41619aa77d632ea8e0fc711324322e4d5ebf8133911",
    "https://deno.land/x/deno_cache@0.5.2/deno_dir.ts": "1ea355b8ba11c630d076b222b197cfc937dd81e5a4a260938997da99e8ff93a0",
    "https://deno.land/x/deno_cache@0.5.2/deps.ts": "26a75905652510b76e54b6d5ef3cf824d1062031e00782efcd768978419224e7",
    "https://deno.land/x/deno_cache@0.5.2/dirs.ts": "009c6f54e0b610914d6ce9f72f6f6ccfffd2d47a79a19061e0a9eb4253836069",
    "https://deno.land/x/deno_cache@0.5.2/disk_cache.ts": "66a1e604a8d564b6dd0500326cac33d08b561d331036bf7272def80f2f7952aa",
    "https://deno.land/x/deno_cache@0.5.2/file_fetcher.ts": "89616c50b6df73fb04e73d0b7cd99e5f2ed7967386913d65b9e8baa4238501f7",
    "https://deno.land/x/deno_cache@0.5.2/http_cache.ts": "407135eaf2802809ed373c230d57da7ef8dff923c4abf205410b9b99886491fd",
    "https://deno.land/x/deno_cache@0.5.2/lib/deno_cache_dir.generated.js": "18b6526d0c50791a73dd0eb894e99de1ac05ee79dcbd53298ff5b5b6b0757fe6",
    "https://deno.land/x/deno_cache@0.5.2/lib/snippets/deno_cache_dir-77bed54ace8005e0/fs.js": "cbe3a976ed63c72c7cb34ef845c27013033a3b11f9d8d3e2c4aa5dda2c0c7af6",
    "https://deno.land/x/deno_cache@0.5.2/mod.ts": "0b4d071ad095128bdc2b1bc6e5d2095222dcbae08287261690ee9757e6300db6",
    "https://deno.land/x/deno_cache@0.5.2/util.ts": "f3f5a0cfc60051f09162942fb0ee87a0e27b11a12aec4c22076e3006be4cc1e2",
    "https://deno.land/x/deno_graph@0.26.0/lib/deno_graph.generated.js": "2f7ca85b2ceb80ec4b3d1b7f3a504956083258610c7b9a1246238c5b7c68f62d",
    "https://deno.land/x/deno_graph@0.26.0/lib/loader.ts": "380e37e71d0649eb50176a9786795988fc3c47063a520a54b616d7727b0f8629",
    "https://deno.land/x/deno_graph@0.26.0/lib/media_type.ts": "222626d524fa2f9ebcc0ec7c7a7d5dfc74cc401cc46790f7c5e0eab0b0787707",
    "https://deno.land/x/deno_graph@0.26.0/lib/snippets/deno_graph-de651bc9c240ed8d/src/deno_apis.js": "41192baaa550a5c6a146280fae358cede917ae16ec4e4315be51bef6631ca892",
    "https://deno.land/x/deno_graph@0.26.0/mod.ts": "11131ae166580a1c7fa8506ff553751465a81c263d94443f18f353d0c320bc14",
    "https://deno.land/x/dir@1.5.1/data_local_dir/mod.ts": "91eb1c4bfadfbeda30171007bac6d85aadacd43224a5ed721bbe56bc64e9eb66",
    "https://deno.land/x/dnt@0.38.1/lib/compiler.ts": "209ad2e1b294f93f87ec02ade9a0821f942d2e524104552d0aa8ff87021050a5",
    "https://deno.land/x/dnt@0.38.1/lib/compiler_transforms.ts": "f21aba052f5dcf0b0595c734450842855c7f572e96165d3d34f8fed2fc1f7ba1",
    "https://deno.land/x/dnt@0.38.1/lib/mod.deps.ts": "30367fc68bcd2acf3b7020cf5cdd26f817f7ac9ac35c4bfb6c4551475f91bc3e",
    "https://deno.land/x/dnt@0.38.1/lib/npm_ignore.ts": "57fbb7e7b935417d225eec586c6aa240288905eb095847d3f6a88e290209df4e",
    "https://deno.land/x/dnt@0.38.1/lib/package_json.ts": "61f35b06e374ed39ca776d29d67df4be7ee809d0bca29a8239687556c6d027c2",
    "https://deno.land/x/dnt@0.38.1/lib/pkg/dnt_wasm.generated.js": "cfb352ae839865f5698c9b35099d4c783510195a1e3c9f9b04d94fac86394ed9",
    "https://deno.land/x/dnt@0.38.1/lib/pkg/snippets/dnt-wasm-a15ef721fa5290c5/helpers.js": "45f74f00472b3a399bc16e5dc056966b55dcdd8fa2bd61505c6dfd2f5d33b9f4",
    "https://deno.land/x/dnt@0.38.1/lib/shims.ts": "df1bd4d9a196dca4b2d512b1564fff64ac6c945189a273d706391f87f210d7e6",
    "https://deno.land/x/dnt@0.38.1/lib/test_runner/get_test_runner_code.ts": "4dc7a73a13b027341c0688df2b29a4ef102f287c126f134c33f69f0339b46968",
    "https://deno.land/x/dnt@0.38.1/lib/test_runner/test_runner.ts": "4d0da0500ec427d5f390d9a8d42fb882fbeccc92c92d66b6f2e758606dbd40e6",
    "https://deno.land/x/dnt@0.38.1/lib/transform.deps.ts": "e42f2bdef46d098453bdba19261a67cf90b583f5d868f7fe83113c1380d9b85c",
    "https://deno.land/x/dnt@0.38.1/lib/types.ts": "b8e228b2fac44c2ae902fbb73b1689f6ab889915bd66486c8a85c0c24255f5fb",
    "https://deno.land/x/dnt@0.38.1/lib/utils.ts": "878b7ac7003a10c16e6061aa49dbef9b42bd43174853ebffc9b67ea47eeb11d8",
    "https://deno.land/x/dnt@0.38.1/mod.ts": "b13349fe77847cf58e26b40bcd58797a8cec5d71b31a1ca567071329c8489de1",
    "https://deno.land/x/dnt@0.38.1/transform.ts": "f68743a14cf9bf53bfc9c81073871d69d447a7f9e3453e0447ca2fb78926bb1d",
    "https://deno.land/x/imagemagick_deno@0.0.26/mod.ts": "2ed72fb5adaf56ee8b850ddc7da91456700a36ed1b149fa8fd70be5adfa51f24",
    "https://deno.land/x/imagemagick_deno@0.0.26/src/alpha-option.ts": "749a9f3309e491ec09a1d6bc50ce95d9733887d9f57c6863c4ff1c7e9610227b",
    "https://deno.land/x/imagemagick_deno@0.0.26/src/auto-threshold-method.ts": "bb08a00046137e441930e56190b6db10c5fe657cb0a6142cd565a40b1c4250a2",
    "https://deno.land/x/imagemagick_deno@0.0.26/src/byte-array.ts": "bb00cd720dcea06b0d41a500a02e6ad6ace6d4e6fcab06dc943b85bfe0773493",
    "https://deno.land/x/imagemagick_deno@0.0.26/src/channel-statistics.ts": "503871a48800436cbd02baee45f5e55aa7a0d95c3cd36e1111cf36dda946f43c",
    "https://deno.land/x/imagemagick_deno@0.0.26/src/channels.ts": "03e46f10df374d002cc39d10a6bc93c68deb4e1158bef1107234e10a192b05c7",
    "https://deno.land/x/imagemagick_deno@0.0.26/src/chromaticity-info.ts": "192bbfff68cafe77ec5b6439e67f00a96d292e1bd4f482e29f2a32e519121fb1",
    "https://deno.land/x/imagemagick_deno@0.0.26/src/class-type.ts": "11970b07ecdd97798ea9ff45b080e77f6711595cef73c678e0393e21c765de05",
    "https://deno.land/x/imagemagick_deno@0.0.26/src/color-space.ts": "3d9a60f3a8bfefea8d9525572d7bd6214530c69688e8799dceb492b7797d1d0a",
    "https://deno.land/x/imagemagick_deno@0.0.26/src/color-type.ts": "d6a588272044ad171bfd98ea13fb510fce19b8afc4cafdbaadc2a562fbcc380e",
    "https://deno.land/x/imagemagick_deno@0.0.26/src/composite-operator.ts": "f4b5046415c5965d53b17a9e441a42d87e8477b7c158704abd417d6ac10f3ea0",
    "https://deno.land/x/imagemagick_deno@0.0.26/src/compression-method.ts": "5bb7b8884eadcd91e6ad6016d1a644bdb5022020cdc58df1be3d38f742054ae1",
    "https://deno.land/x/imagemagick_deno@0.0.26/src/defines/define.ts": "645fb3a06424ed750250212ac8762ba2ea97c4e4fdbda8aedf21734cbaf4833c",
    "https://deno.land/x/imagemagick_deno@0.0.26/src/defines/defines-creator.ts": "876b7215bb6523cee562bcdf95cdd20cce33dd118db9f61d3d9e6305d5cfa631",
    "https://deno.land/x/imagemagick_deno@0.0.26/src/defines/defines.ts": "fc8e12475e11a30f9f6f9c2b5e2fba94b01d65135654b97694da915d40fae2fe",
    "https://deno.land/x/imagemagick_deno@0.0.26/src/defines/magick-define.ts": "07e9e7fab4ea23f06f584163a99e0007ac1d1f3379ab4a872f1ddd555dd8ddd1",
    "https://deno.land/x/imagemagick_deno@0.0.26/src/density-unit.ts": "4e5a451dde11303aaf99f7f5f9c1409f2d5399e0678a4ab589a33e9757d04491",
    "https://deno.land/x/imagemagick_deno@0.0.26/src/density.ts": "b12b953f53900a2182563963fc08074453fb7bff387c06a7e04a8b26045be91e",
    "https://deno.land/x/imagemagick_deno@0.0.26/src/disposable.ts": "4e30ceedea5c7829153ded68929cc206a303be220a560bb27319b607ee68c4a7",
    "https://deno.land/x/imagemagick_deno@0.0.26/src/distort-method.ts": "13819e00ccb6a636af9ece5d11dfce9451e578d46c94e1f528b0ae5da7721985",
    "https://deno.land/x/imagemagick_deno@0.0.26/src/drawables/drawable-color.ts": "fe3785761844f09a2c8bfda1821580c18706d986b1e7619dd984db6d33f3093a",
    "https://deno.land/x/imagemagick_deno@0.0.26/src/drawables/drawable-fill-color.ts": "566325e1b1eee1e4d74a97c7f0cfbd5cc1c3dbab9a39e8820b3e2555280fe633",
    "https://deno.land/x/imagemagick_deno@0.0.26/src/drawables/drawable-fill-opacity.ts": "a8bfce5d256ed1f296b4e57ae49035dad0baadec57b7ee68731494530b5df816",
    "https://deno.land/x/imagemagick_deno@0.0.26/src/drawables/drawable-font-point-size.ts": "ca4f41670186b13c1195eef74764af1ea00592b9faad5970d7867b3cb47630c3",
    "https://deno.land/x/imagemagick_deno@0.0.26/src/drawables/drawable-font.ts": "6a332ab99030ffe9fffd83704ba3e655649e48f026ef78dfb04d0bb1f99416bf",
    "https://deno.land/x/imagemagick_deno@0.0.26/src/drawables/drawable-gravity.ts": "184729aecc6d700a81eec2b8157b27b77f28c4188eb0f0337446b933e3857dbe",
    "https://deno.land/x/imagemagick_deno@0.0.26/src/drawables/drawable-rectangle.ts": "c6b1bb4b81a7e66e59a9338d45816a8471d951a6583567df68b31d3fde5ae6e0",
    "https://deno.land/x/imagemagick_deno@0.0.26/src/drawables/drawable-round-rectangle.ts": "7cd7e90d6d5902abee81061c7ce5919a50ef340d67d984f1ab5eb15ba22683c8",
    "https://deno.land/x/imagemagick_deno@0.0.26/src/drawables/drawable-text-alignment.ts": "e657d2b012966f653b13890f4cdcb54e2b9d3c28dd78f40205e02ffc4b4942cf",
    "https://deno.land/x/imagemagick_deno@0.0.26/src/drawables/drawable-text-antialias.ts": "f3f3ab526c2b06968b7f16bd9a705f2163ee4c022074fb763ec269218c2f773c",
    "https://deno.land/x/imagemagick_deno@0.0.26/src/drawables/drawable-text-decoration.ts": "d6676422074bde0c86c5a2787822d8475936b56da4c02bd47eb10044d48f29bd",
    "https://deno.land/x/imagemagick_deno@0.0.26/src/drawables/drawable-text-interline-spacing.ts": "8ae3cc5892c605a3ee7ae91d1c41c8f90a7c0d8c7a7e5ec50746047971cd0fda",
    "https://deno.land/x/imagemagick_deno@0.0.26/src/drawables/drawable-text-interword-spacing.ts": "a5b5b5d2081e87552e1b45b2fc734da7885a71a006bd69d8b7f08ed569a37788",
    "https://deno.land/x/imagemagick_deno@0.0.26/src/drawables/drawable-text-kerning.ts": "fb719d6a9ce610a859f43d63eada784510f8e71ace6d57a6ccd43cf504c71103",
    "https://deno.land/x/imagemagick_deno@0.0.26/src/drawables/drawable-text-under-color.ts": "21a7690993e86c22450cda3334092c12ba34dada09817745ea2e685aebb1b1a9",
    "https://deno.land/x/imagemagick_deno@0.0.26/src/drawables/drawable-text.ts": "f13d014b6f8b06e666b701b3860864711d0a0f942c1a30940af939705e72e5ce",
    "https://deno.land/x/imagemagick_deno@0.0.26/src/drawables/drawable.ts": "61b40233ea3c28664c2f8dfd8d794772d8a7a779f4228060efd41b0d44762521",
    "https://deno.land/x/imagemagick_deno@0.0.26/src/drawables/drawing-wand.ts": "fa759f55b7a676deb8c0f9af61a074493eaed86bf527ce0a1b7637229f9dc482",
    "https://deno.land/x/imagemagick_deno@0.0.26/src/endian.ts": "5c36e4c104dd79760a96d1a7e759fbb04907b40d4cbfd30a25d3ef25bf7f63ed",
    "https://deno.land/x/imagemagick_deno@0.0.26/src/error-metric.ts": "fafe44d95312b0e9dd6e5d6d3efd536764468a4b80e3dc3d7d7efc33a40fb871",
    "https://deno.land/x/imagemagick_deno@0.0.26/src/evaluate-operator.ts": "c05d51cb193d95ce0432dee914465cbafc35026ea1102cc48f431571bfb67260",
    "https://deno.land/x/imagemagick_deno@0.0.26/src/filter-type.ts": "face0109ae9e56125b778a8842384031d6e0bd688dfcf96c0861f2fd8bb27225",
    "https://deno.land/x/imagemagick_deno@0.0.26/src/formats/dng/dng-output-color.ts": "13533caccea31a8e6cd960df47c1b608f89a786d51e9c4b3b869ca40eb01c5a8",
    "https://deno.land/x/imagemagick_deno@0.0.26/src/formats/dng/dng-read-defines.ts": "73d3fdc79c0f37ea3b2681f4e159cd927c25cb0801cc43905a4331171062f6c8",
    "https://deno.land/x/imagemagick_deno@0.0.26/src/gif-dispose-method.ts": "841f730e6c282d81296111c32208614adb9c96cd700c76df4eae71140458f9d5",
    "https://deno.land/x/imagemagick_deno@0.0.26/src/gravity.ts": "ed99d33e3775c510c0a29fb330ca5ac9445e41dd3644507186c25cc32eb8634a",
    "https://deno.land/x/imagemagick_deno@0.0.26/src/image-magick.ts": "a86eda53f0d5a9054883b63fe48957d01a385eda57370e3dc080a7cc5f127e70",
    "https://deno.land/x/imagemagick_deno@0.0.26/src/index.ts": "659f1e0c9efa82d49f8bc53d610968e065bec4223538d92e9c55c5e4157dbd96",
    "https://deno.land/x/imagemagick_deno@0.0.26/src/interlace.ts": "7b75a93d79311bcb5fe6d749f91d2bf122f2443a771dff721c11756e823dc445",
    "https://deno.land/x/imagemagick_deno@0.0.26/src/internal/disposable-array.ts": "048f80ffee94ccb37437961e7bcaa57ee0b0bd95a64423257010a8eeb18e9fae",
    "https://deno.land/x/imagemagick_deno@0.0.26/src/internal/disposable.ts": "4c492c40df42590cd3400f415054ea942311918b8f4cdd90a8e00fcadd9a76d8",
    "https://deno.land/x/imagemagick_deno@0.0.26/src/internal/exception/exception.ts": "2c1e1d5f6df4fcaef50403ed18f5ebdf560a5e764944d569db406e97f76f2aae",
    "https://deno.land/x/imagemagick_deno@0.0.26/src/internal/geometry-flags.ts": "56bbc3f668db2e67f607cd1c08e07f51ded80a8c402efb0b6cd4ad98d0f69d19",
    "https://deno.land/x/imagemagick_deno@0.0.26/src/internal/magick-rectangle.ts": "ffffcd9ebffe20f871396af22c9f5acb332b5d503a5b21200a94e1e61e4e68b3",
    "https://deno.land/x/imagemagick_deno@0.0.26/src/internal/native/array.ts": "99fa112bde643aceda481db90be21d6264c23074cf77ad4a7fee41208ba75dcd",
    "https://deno.land/x/imagemagick_deno@0.0.26/src/internal/native/string.ts": "a8edad35a243f76ef98cf387580bbf771790d1b1d8299d77ea1731aa75c2c158",
    "https://deno.land/x/imagemagick_deno@0.0.26/src/internal/pointer/pointer.ts": "821ad62e6664c9e7dbe8c9d1d1f79ff4d3a76b6cf64d1a2ed943f03516fb2e8a",
    "https://deno.land/x/imagemagick_deno@0.0.26/src/internal/string-info.ts": "6121081f0382fdfe259bb6c95655b1626cc68af778ad91af437daa8c55965575",
    "https://deno.land/x/imagemagick_deno@0.0.26/src/kernel.ts": "57b8eead1ed75b953332d6d101c776f50f17d60f70c79c93768e664cd5bbc4a7",
    "https://deno.land/x/imagemagick_deno@0.0.26/src/log-event-types.ts": "91dba33b2a47dff56489d76791002a453c8387ccd2bdfba58a845f1f61fb22da",
    "https://deno.land/x/imagemagick_deno@0.0.26/src/log-event.ts": "e365ae40d58d7c1e2d7611aa4e63d0478fb80b4ac233a844235ab3cc42a92ddc",
    "https://deno.land/x/imagemagick_deno@0.0.26/src/magick-color.ts": "6e849e94f3183d86f44d55f4646af394d0d3573fbce8b26b6d6bfbda03dcaf5c",
    "https://deno.land/x/imagemagick_deno@0.0.26/src/magick-colors.ts": "c3a4cdbbca0ebce9386ae71f835118847d8770573efcb63a35c54242aa156f90",
    "https://deno.land/x/imagemagick_deno@0.0.26/src/magick-error-severity.ts": "160e5f07bad67542c9c95a8ec61e70f294333bf7f3c463419dc4fadfacdbdbf6",
    "https://deno.land/x/imagemagick_deno@0.0.26/src/magick-error.ts": "5a515e203373ef48903bda51635e04f232bf3144eaee48c66d65df1e705346d4",
    "https://deno.land/x/imagemagick_deno@0.0.26/src/magick-format-info.ts": "8c3ae6ca748d18ae69e33756d2cf64219971350a856407861a0bf7bc119909a6",
    "https://deno.land/x/imagemagick_deno@0.0.26/src/magick-format.ts": "4d7d5ad6ba825c17a75f964ba5d4ca142b9642e66ddf9adb9a0e71bf93ff89d9",
    "https://deno.land/x/imagemagick_deno@0.0.26/src/magick-geometry.ts": "2ce766f7d4338484fed3fd9b25d4ec1ccd77f89d299db8391e048f77708f8245",
    "https://deno.land/x/imagemagick_deno@0.0.26/src/magick-image-collection.ts": "aac08ac15396d6d371753989890125cd36d1e9c30e7676de1c2f08fdbe5d581a",
    "https://deno.land/x/imagemagick_deno@0.0.26/src/magick-image.ts": "57846cd9f4a9a7b0580b44af2fd9231485b4e019c7ed1165ded4b89c846f0950",
    "https://deno.land/x/imagemagick_deno@0.0.26/src/magick.ts": "1fd977495964df2b62aee25fce80f26c8964298375b0d6d30fcdf01266cf5289",
    "https://deno.land/x/imagemagick_deno@0.0.26/src/morphology-method.ts": "0f35a6165588d01764900aaa80b8087c5af3f42af6d4dcbeaea9d03f28826e9c",
    "https://deno.land/x/imagemagick_deno@0.0.26/src/native-instance.ts": "791c1dc7459d0daf53fd385d255edb9d84869edc2943cd1ff3b4b7c34aeeffb0",
    "https://deno.land/x/imagemagick_deno@0.0.26/src/orientation-type.ts": "a5c48feec25d432e5c3ad3ed76c929a7960836d3ab1012525c0f7883e4f46c30",
    "https://deno.land/x/imagemagick_deno@0.0.26/src/paint-method.ts": "0178827b90549bf587e8ae9e2757cb96607b1fffa5c05d0534a8de136a346d29",
    "https://deno.land/x/imagemagick_deno@0.0.26/src/percentage.ts": "00240337512949c97e407b006cdd025af5fc6db600adce9ca6193ab61e326291",
    "https://deno.land/x/imagemagick_deno@0.0.26/src/pixel-channel.ts": "1a6943107a0c9b73757b08b4e41bd72227fec2dbb29f7fe5871257abcf541fa1",
    "https://deno.land/x/imagemagick_deno@0.0.26/src/pixel-intensity-method.ts": "878744cbe8c1eb6198406a7a4c0655ecf3f0d1ae81b287b4b2bec031d22c7c07",
    "https://deno.land/x/imagemagick_deno@0.0.26/src/pixel-interpolate-method.ts": "d2c62675acb5d8fffca3e2c91c9a35bfebec62f2424268e5e240f9f17f57d356",
    "https://deno.land/x/imagemagick_deno@0.0.26/src/pixels/pixel-collection.ts": "e44aa8ebff8635d3959a20ffa9a545ce5df2dc2a8806f6b0d1d0092e185577f7",
    "https://deno.land/x/imagemagick_deno@0.0.26/src/point.ts": "f664938d0f39eadd41fe5eb8ca81c52b59a7f7138539afea3ddc863d25a4a935",
    "https://deno.land/x/imagemagick_deno@0.0.26/src/primary-info.ts": "87d9588a4ba37d0399e5c80fa7cbd602ed86ee544f6aeeab2f6bbe1ac366acef",
    "https://deno.land/x/imagemagick_deno@0.0.26/src/profiles/image-profile.ts": "ea1bb6406430a03cf9263a40260fcd8f99bcc14fa3629206fcbcd2679c94b4a2",
    "https://deno.land/x/imagemagick_deno@0.0.26/src/quantum.ts": "7e92f9cf73fc6ec89df48ab4c462339fad580f0b6a1e1009d3c5a5cb599dc3ed",
    "https://deno.land/x/imagemagick_deno@0.0.26/src/settings/distort-settings.ts": "cdb352260b90a140191c222bafde0740114062822400bdf89709bef1c2f40563",
    "https://deno.land/x/imagemagick_deno@0.0.26/src/settings/drawing-settings.ts": "c5191eff30944c7a6047dfdd4d6a6714cbd3e0154c4942bb53bfa25acc3399b2",
    "https://deno.land/x/imagemagick_deno@0.0.26/src/settings/magick-read-settings.ts": "d5e83efd74ff563146c5c074cefeead82e07763c0e75d271c6f1ba9f1fca3b63",
    "https://deno.land/x/imagemagick_deno@0.0.26/src/settings/magick-settings.ts": "257b5e8991df4e1daf363097c27fb0249e7d22516d1d935f7dd0407351c26c8c",
    "https://deno.land/x/imagemagick_deno@0.0.26/src/settings/montage-settings.ts": "db5dc688e2165b1a5501b6f2175c0453f9a1c435c6d1d20be657ddf26af2bb14",
    "https://deno.land/x/imagemagick_deno@0.0.26/src/settings/morphology-settings.ts": "ca9dae2ac683a815d372ae144cdda5433540bd009affeb760cd34b394ff782dc",
    "https://deno.land/x/imagemagick_deno@0.0.26/src/settings/native-drawing-settings.ts": "a69579abe2600a8ae13484f0abee16ec17d4c31213e95fe0fb9b581ee434af64",
    "https://deno.land/x/imagemagick_deno@0.0.26/src/settings/native-magick-settings.ts": "fa0b0f6721ef96a71e4a0ceea987649f681c1e9cf6f1a2bdea5acb8388e6a6a7",
    "https://deno.land/x/imagemagick_deno@0.0.26/src/settings/native-montage-settings.ts": "5b0c810053730ba63a6603fe4109c09ce02d3dd9f5a04ba1070094cb69a92433",
    "https://deno.land/x/imagemagick_deno@0.0.26/src/statistics.ts": "a9122f555b565d9869dcc9070d77febc54f2e12324932c6b8619e1a94b599885",
    "https://deno.land/x/imagemagick_deno@0.0.26/src/text-alignment.ts": "c4ba89bb5bafa88a19fb57cb0241d24670a5c3a22d186a934764614a59b665b6",
    "https://deno.land/x/imagemagick_deno@0.0.26/src/text-decoration.ts": "89bdd053d74685d1c727a696527089c45af3ce9bff3c058673b63e02612e36c3",
    "https://deno.land/x/imagemagick_deno@0.0.26/src/virtual-pixel-method.ts": "ae2f0520e05b382299e4d41f4d7e2c67baf727ef7c816037e601c978948b1451",
    "https://deno.land/x/imagemagick_deno@0.0.26/src/wasm/magick.ts": "b5ec7d6c3c7379f8f9ba0c23238f7024aa35f3a15edb2d1cbca4ccc44a186ac9",
    "https://deno.land/x/imagemagick_deno@0.0.26/src/wasm/magick_native.js": "ce63e9894f66443624d09f8d9524d3c985e4174d6848b0e0c77a09d5d5b4759e",
    "https://deno.land/x/ts_morph@18.0.0/bootstrap/mod.ts": "b53aad517f106c4079971fcd4a81ab79fadc40b50061a3ab2b741a09119d51e9",
    "https://deno.land/x/ts_morph@18.0.0/bootstrap/ts_morph_bootstrap.js": "6645ac03c5e6687dfa8c78109dc5df0250b811ecb3aea2d97c504c35e8401c06",
    "https://deno.land/x/ts_morph@18.0.0/common/DenoRuntime.ts": "6a7180f0c6e90dcf23ccffc86aa8271c20b1c4f34c570588d08a45880b7e172d",
    "https://deno.land/x/ts_morph@18.0.0/common/mod.ts": "01985d2ee7da8d1caee318a9d07664774fbee4e31602bc2bb6bb62c3489555ed",
    "https://deno.land/x/ts_morph@18.0.0/common/ts_morph_common.js": "845671ca951073400ce142f8acefa2d39ea9a51e29ca80928642f3f8cf2b7700",
    "https://deno.land/x/ts_morph@18.0.0/common/typescript.js": "d5c598b6a2db2202d0428fca5fd79fc9a301a71880831a805d778797d2413c59",
    "https://deno.land/x/wasmbuild@0.15.0/cache.ts": "89eea5f3ce6035a1164b3e655c95f21300498920575ade23161421f5b01967f4",
    "https://deno.land/x/wasmbuild@0.15.0/loader.ts": "d98d195a715f823151cbc8baa3f32127337628379a02d9eb2a3c5902dbccfc02",
    "https://raw.githubusercontent.com/catppuccin/palette/v0.2.0/palette-porcelain.json": "a13a97027e630bdac3a498696b9465f6f947ec6abc2acfee9084e9a951effe4b"
  }
}
