{
  "name": "@catppuccin/toolbox",
  "version": "0.0.0",
  "lockfileVersion": 3,
  "requires": true,
  "packages": {
    "": {
      "name": "@catppuccin/toolbox",
      "version": "0.0.0",
      "license": "MIT",
      "workspaces": [
        "inkcat"
      ]
    },
    "inkcat": {
      "extraneous": true
    }
  }
}
