{
	"name": "contrast_test",
	"version": "0.1.0",
	"lockfileVersion": 2,
	"requires": true,
	"packages": {
		"": {
			"name": "contrast_test",
			"version": "0.1.0",
			"license": "MIT",
			"dependencies": {
				"@catppuccin/palette": "^0.1.2",
				"chalk": "^5.0.1",
				"color-contrast-checker": "^2.1.0"
			}
		},
		"node_modules/@catppuccin/palette": {
			"version": "0.1.5",
			"resolved": "https://registry.npmjs.org/@catppuccin/palette/-/palette-0.1.5.tgz",
			"integrity": "sha512-IQLsZwXDMpLc5CFGjIMa/gFnnFL/QLB280F11B51JweZHerZ/FgPXdIR4eQqn1CgrqI3wGfgnj1LVPx12DV/Uw==",
			"dev": true
		},
		"node_modules/chalk": {
			"version": "5.2.0",
			"resolved": "https://registry.npmjs.org/chalk/-/chalk-5.2.0.tgz",
			"integrity": "sha512-ree3Gqw/nazQAPuJJEy+avdl7QfZMcUvmHIKgEZkGL+xOBzRvup5Hxo6LHuMceSxOabuJLJm5Yp/92R9eMmMvA==",
			"dev": true,
			"engines": {
				"node": "^12.17.0 || ^14.13 || >=16.0.0"
			},
			"funding": {
				"url": "https://github.com/chalk/chalk?sponsor=1"
			}
		},
		"node_modules/color-contrast-checker": {
			"version": "2.1.0",
			"resolved": "https://registry.npmjs.org/color-contrast-checker/-/color-contrast-checker-2.1.0.tgz",
			"integrity": "sha512-6Y0aIEej3pwZTVlicIqVzhO6T4izDWouaIXnYoDdTuFFAMQ9nnN0dgHNP9J94jRnH6asjPq1/wzUKxwoNbWtRQ==",
			"dev": true
		}
	},
	"dependencies": {
		"@catppuccin/palette": {
			"version": "0.1.5",
			"resolved": "https://registry.npmjs.org/@catppuccin/palette/-/palette-0.1.5.tgz",
			"integrity": "sha512-IQLsZwXDMpLc5CFGjIMa/gFnnFL/QLB280F11B51JweZHerZ/FgPXdIR4eQqn1CgrqI3wGfgnj1LVPx12DV/Uw==",
			"dev": true
		},
		"chalk": {
			"version": "5.2.0",
			"resolved": "https://registry.npmjs.org/chalk/-/chalk-5.2.0.tgz",
			"integrity": "sha512-ree3Gqw/nazQAPuJJEy+avdl7QfZMcUvmHIKgEZkGL+xOBzRvup5Hxo6LHuMceSxOabuJLJm5Yp/92R9eMmMvA==",
			"dev": true
		},
		"color-contrast-checker": {
			"version": "2.1.0",
			"resolved": "https://registry.npmjs.org/color-contrast-checker/-/color-contrast-checker-2.1.0.tgz",
			"integrity": "sha512-6Y0aIEej3pwZTVlicIqVzhO6T4izDWouaIXnYoDdTuFFAMQ9nnN0dgHNP9J94jRnH6asjPq1/wzUKxwoNbWtRQ==",
			"dev": true
		}
	}
}
